// !$*UTF8*$!
{
	archiveVersion = 1;
	classes = {
	};
	objectVersion = 46;
	objects = {

/* Begin PBXBuildFile section */
		8524ACB81F47DFC4004B2D17 /* UserInfoModel.m in Sources */ = {isa = PBXBuildFile; fileRef = 8524ACB71F47DFC4004B2D17 /* UserInfoModel.m */; };
		8524ACBB1F47E07C004B2D17 /* InputSubmitViewModel.m in Sources */ = {isa = PBXBuildFile; fileRef = 8524ACBA1F47E07C004B2D17 /* InputSubmitViewModel.m */; };
		854128071E4B2014006B4B78 /* WeChatInfoModel.m in Sources */ = {isa = PBXBuildFile; fileRef = 854128061E4B2014006B4B78 /* WeChatInfoModel.m */; };
		8571843E1F7269BF00A3FCAF /* ZWCommonConfig.m in Sources */ = {isa = PBXBuildFile; fileRef = 8571841C1F7269BF00A3FCAF /* ZWCommonConfig.m */; };
		8571843F1F7269BF00A3FCAF /* ZWCommonTableCtr.m in Sources */ = {isa = PBXBuildFile; fileRef = 8571841E1F7269BF00A3FCAF /* ZWCommonTableCtr.m */; };
		857184401F7269BF00A3FCAF /* ZWCommonTableData.m in Sources */ = {isa = PBXBuildFile; fileRef = 857184201F7269BF00A3FCAF /* ZWCommonTableData.m */; };
		857184411F7269BF00A3FCAF /* ZWCommonTableDelegate.m in Sources */ = {isa = PBXBuildFile; fileRef = 857184221F7269BF00A3FCAF /* ZWCommonTableDelegate.m */; };
		857184421F7269BF00A3FCAF /* ZWStaticButtonCell.m in Sources */ = {isa = PBXBuildFile; fileRef = 857184251F7269BF00A3FCAF /* ZWStaticButtonCell.m */; };
		857184431F7269BF00A3FCAF /* ZWStaticButtonCell.xib in Resources */ = {isa = PBXBuildFile; fileRef = 857184261F7269BF00A3FCAF /* ZWStaticButtonCell.xib */; };
		857184441F7269BF00A3FCAF /* ZWStaticInputCell.m in Sources */ = {isa = PBXBuildFile; fileRef = 857184281F7269BF00A3FCAF /* ZWStaticInputCell.m */; };
		857184451F7269BF00A3FCAF /* ZWStaticInputCell.xib in Resources */ = {isa = PBXBuildFile; fileRef = 857184291F7269BF00A3FCAF /* ZWStaticInputCell.xib */; };
		857184461F7269BF00A3FCAF /* ZWStaticOptionCell.m in Sources */ = {isa = PBXBuildFile; fileRef = 8571842B1F7269BF00A3FCAF /* ZWStaticOptionCell.m */; };
		857184471F7269BF00A3FCAF /* ZWStaticOptionCell.xib in Resources */ = {isa = PBXBuildFile; fileRef = 8571842C1F7269BF00A3FCAF /* ZWStaticOptionCell.xib */; };
		857184481F7269BF00A3FCAF /* ZWStaticSwitchCell.m in Sources */ = {isa = PBXBuildFile; fileRef = 8571842E1F7269BF00A3FCAF /* ZWStaticSwitchCell.m */; };
		857184491F7269BF00A3FCAF /* ZWStaticSwitchCell.xib in Resources */ = {isa = PBXBuildFile; fileRef = 8571842F1F7269BF00A3FCAF /* ZWStaticSwitchCell.xib */; };
		8571844A1F7269C000A3FCAF /* ZWStaticTextViewCell.m in Sources */ = {isa = PBXBuildFile; fileRef = 857184311F7269BF00A3FCAF /* ZWStaticTextViewCell.m */; };
		8571844B1F7269C000A3FCAF /* ZWStaticTextViewCell.xib in Resources */ = {isa = PBXBuildFile; fileRef = 857184321F7269BF00A3FCAF /* ZWStaticTextViewCell.xib */; };
		8571844C1F7269C000A3FCAF /* ZWStaticInputModel.m in Sources */ = {isa = PBXBuildFile; fileRef = 857184351F7269BF00A3FCAF /* ZWStaticInputModel.m */; };
		8571844D1F7269C000A3FCAF /* ZWStaticOptionModel.m in Sources */ = {isa = PBXBuildFile; fileRef = 857184371F7269BF00A3FCAF /* ZWStaticOptionModel.m */; };
		8571844E1F7269C000A3FCAF /* ZWStaticSwitchModel.m in Sources */ = {isa = PBXBuildFile; fileRef = 857184391F7269BF00A3FCAF /* ZWStaticSwitchModel.m */; };
		8571844F1F7269C000A3FCAF /* ZWStaticTextCellModel.m in Sources */ = {isa = PBXBuildFile; fileRef = 8571843B1F7269BF00A3FCAF /* ZWStaticTextCellModel.m */; };
		857184501F7269C000A3FCAF /* ZWStaticTextViewModel.m in Sources */ = {isa = PBXBuildFile; fileRef = 8571843D1F7269BF00A3FCAF /* ZWStaticTextViewModel.m */; };
		85726B5D1E49723A00A6F78F /* CommonTableCtr.m in Sources */ = {isa = PBXBuildFile; fileRef = 85726B5C1E49723A00A6F78F /* CommonTableCtr.m */; };
		857DDCE31F46EFA800828758 /* CommonDetailImageCell.m in Sources */ = {isa = PBXBuildFile; fileRef = 857DDCDE1F46EFA800828758 /* CommonDetailImageCell.m */; };
		857DDCE41F46EFA800828758 /* CommonDetailImageCell.xib in Resources */ = {isa = PBXBuildFile; fileRef = 857DDCDF1F46EFA800828758 /* CommonDetailImageCell.xib */; };
		857DDCE51F46EFA800828758 /* WeChatMineInfoCell.m in Sources */ = {isa = PBXBuildFile; fileRef = 857DDCE11F46EFA800828758 /* WeChatMineInfoCell.m */; };
		857DDCE61F46EFA800828758 /* WeChatMineInfoCell.xib in Resources */ = {isa = PBXBuildFile; fileRef = 857DDCE21F46EFA800828758 /* WeChatMineInfoCell.xib */; };
		857DDCEB1F46F59600828758 /* InputSubmitCtr.m in Sources */ = {isa = PBXBuildFile; fileRef = 857DDCE91F46F59600828758 /* InputSubmitCtr.m */; };
		85A225021E45C49C00E15444 /* WeChatSettingCtr.m in Sources */ = {isa = PBXBuildFile; fileRef = 85A225001E45C49B00E15444 /* WeChatSettingCtr.m */; };
		85A225031E45C49C00E15444 /* WeChatSettingCtr.xib in Resources */ = {isa = PBXBuildFile; fileRef = 85A225011E45C49B00E15444 /* WeChatSettingCtr.xib */; };
		85D9FE5B1E334B4100D1E598 /* main.m in Sources */ = {isa = PBXBuildFile; fileRef = 85D9FE5A1E334B4100D1E598 /* main.m */; };
		85D9FE5E1E334B4100D1E598 /* AppDelegate.m in Sources */ = {isa = PBXBuildFile; fileRef = 85D9FE5D1E334B4100D1E598 /* AppDelegate.m */; };
		85D9FE611E334B4100D1E598 /* ViewController.m in Sources */ = {isa = PBXBuildFile; fileRef = 85D9FE601E334B4100D1E598 /* ViewController.m */; };
		85D9FE641E334B4100D1E598 /* Main.storyboard in Resources */ = {isa = PBXBuildFile; fileRef = 85D9FE621E334B4100D1E598 /* Main.storyboard */; };
		85D9FE661E334B4100D1E598 /* Assets.xcassets in Resources */ = {isa = PBXBuildFile; fileRef = 85D9FE651E334B4100D1E598 /* Assets.xcassets */; };
		85D9FE691E334B4100D1E598 /* LaunchScreen.storyboard in Resources */ = {isa = PBXBuildFile; fileRef = 85D9FE671E334B4100D1E598 /* LaunchScreen.storyboard */; };
		85D9FE7E1E335B4B00D1E598 /* WeChatMineCtr.m in Sources */ = {isa = PBXBuildFile; fileRef = 85D9FE7D1E335B4B00D1E598 /* WeChatMineCtr.m */; };
/* End PBXBuildFile section */

/* Begin PBXFileReference section */
		8524ACB61F47DFC4004B2D17 /* UserInfoModel.h */ = {isa = PBXFileReference; fileEncoding = 4; lastKnownFileType = sourcecode.c.h; path = UserInfoModel.h; sourceTree = "<group>"; };
		8524ACB71F47DFC4004B2D17 /* UserInfoModel.m */ = {isa = PBXFileReference; fileEncoding = 4; lastKnownFileType = sourcecode.c.objc; path = UserInfoModel.m; sourceTree = "<group>"; };
		8524ACB91F47E07C004B2D17 /* InputSubmitViewModel.h */ = {isa = PBXFileReference; fileEncoding = 4; lastKnownFileType = sourcecode.c.h; path = InputSubmitViewModel.h; sourceTree = "<group>"; };
		8524ACBA1F47E07C004B2D17 /* InputSubmitViewModel.m */ = {isa = PBXFileReference; fileEncoding = 4; lastKnownFileType = sourcecode.c.objc; path = InputSubmitViewModel.m; sourceTree = "<group>"; };
		854128051E4B2014006B4B78 /* WeChatInfoModel.h */ = {isa = PBXFileReference; fileEncoding = 4; lastKnownFileType = sourcecode.c.h; path = WeChatInfoModel.h; sourceTree = "<group>"; };
		854128061E4B2014006B4B78 /* WeChatInfoModel.m */ = {isa = PBXFileReference; fileEncoding = 4; lastKnownFileType = sourcecode.c.objc; path = WeChatInfoModel.m; sourceTree = "<group>"; };
		857184171F7269BF00A3FCAF /* ZWCommonTableCellProtocol.h */ = {isa = PBXFileReference; fileEncoding = 4; lastKnownFileType = sourcecode.c.h; path = ZWCommonTableCellProtocol.h; sourceTree = "<group>"; };
		857184181F7269BF00A3FCAF /* ZWStaticModelProtocol.h */ = {isa = PBXFileReference; fileEncoding = 4; lastKnownFileType = sourcecode.c.h; path = ZWStaticModelProtocol.h; sourceTree = "<group>"; };
		857184191F7269BF00A3FCAF /* ZWCommonTable.h */ = {isa = PBXFileReference; fileEncoding = 4; lastKnownFileType = sourcecode.c.h; path = ZWCommonTable.h; sourceTree = "<group>"; };
		8571841B1F7269BF00A3FCAF /* ZWCommonConfig.h */ = {isa = PBXFileReference; fileEncoding = 4; lastKnownFileType = sourcecode.c.h; path = ZWCommonConfig.h; sourceTree = "<group>"; };
		8571841C1F7269BF00A3FCAF /* ZWCommonConfig.m */ = {isa = PBXFileReference; fileEncoding = 4; lastKnownFileType = sourcecode.c.objc; path = ZWCommonConfig.m; sourceTree = "<group>"; };
		8571841D1F7269BF00A3FCAF /* ZWCommonTableCtr.h */ = {isa = PBXFileReference; fileEncoding = 4; lastKnownFileType = sourcecode.c.h; path = ZWCommonTableCtr.h; sourceTree = "<group>"; };
		8571841E1F7269BF00A3FCAF /* ZWCommonTableCtr.m */ = {isa = PBXFileReference; fileEncoding = 4; lastKnownFileType = sourcecode.c.objc; path = ZWCommonTableCtr.m; sourceTree = "<group>"; };
		8571841F1F7269BF00A3FCAF /* ZWCommonTableData.h */ = {isa = PBXFileReference; fileEncoding = 4; lastKnownFileType = sourcecode.c.h; path = ZWCommonTableData.h; sourceTree = "<group>"; };
		857184201F7269BF00A3FCAF /* ZWCommonTableData.m */ = {isa = PBXFileReference; fileEncoding = 4; lastKnownFileType = sourcecode.c.objc; path = ZWCommonTableData.m; sourceTree = "<group>"; };
		857184211F7269BF00A3FCAF /* ZWCommonTableDelegate.h */ = {isa = PBXFileReference; fileEncoding = 4; lastKnownFileType = sourcecode.c.h; path = ZWCommonTableDelegate.h; sourceTree = "<group>"; };
		857184221F7269BF00A3FCAF /* ZWCommonTableDelegate.m */ = {isa = PBXFileReference; fileEncoding = 4; lastKnownFileType = sourcecode.c.objc; path = ZWCommonTableDelegate.m; sourceTree = "<group>"; };
		857184241F7269BF00A3FCAF /* ZWStaticButtonCell.h */ = {isa = PBXFileReference; fileEncoding = 4; lastKnownFileType = sourcecode.c.h; path = ZWStaticButtonCell.h; sourceTree = "<group>"; };
		857184251F7269BF00A3FCAF /* ZWStaticButtonCell.m */ = {isa = PBXFileReference; fileEncoding = 4; lastKnownFileType = sourcecode.c.objc; path = ZWStaticButtonCell.m; sourceTree = "<group>"; };
		857184261F7269BF00A3FCAF /* ZWStaticButtonCell.xib */ = {isa = PBXFileReference; fileEncoding = 4; lastKnownFileType = file.xib; path = ZWStaticButtonCell.xib; sourceTree = "<group>"; };
		857184271F7269BF00A3FCAF /* ZWStaticInputCell.h */ = {isa = PBXFileReference; fileEncoding = 4; lastKnownFileType = sourcecode.c.h; path = ZWStaticInputCell.h; sourceTree = "<group>"; };
		857184281F7269BF00A3FCAF /* ZWStaticInputCell.m */ = {isa = PBXFileReference; fileEncoding = 4; lastKnownFileType = sourcecode.c.objc; path = ZWStaticInputCell.m; sourceTree = "<group>"; };
		857184291F7269BF00A3FCAF /* ZWStaticInputCell.xib */ = {isa = PBXFileReference; fileEncoding = 4; lastKnownFileType = file.xib; path = ZWStaticInputCell.xib; sourceTree = "<group>"; };
		8571842A1F7269BF00A3FCAF /* ZWStaticOptionCell.h */ = {isa = PBXFileReference; fileEncoding = 4; lastKnownFileType = sourcecode.c.h; path = ZWStaticOptionCell.h; sourceTree = "<group>"; };
		8571842B1F7269BF00A3FCAF /* ZWStaticOptionCell.m */ = {isa = PBXFileReference; fileEncoding = 4; lastKnownFileType = sourcecode.c.objc; path = ZWStaticOptionCell.m; sourceTree = "<group>"; };
		8571842C1F7269BF00A3FCAF /* ZWStaticOptionCell.xib */ = {isa = PBXFileReference; fileEncoding = 4; lastKnownFileType = file.xib; path = ZWStaticOptionCell.xib; sourceTree = "<group>"; };
		8571842D1F7269BF00A3FCAF /* ZWStaticSwitchCell.h */ = {isa = PBXFileReference; fileEncoding = 4; lastKnownFileType = sourcecode.c.h; path = ZWStaticSwitchCell.h; sourceTree = "<group>"; };
		8571842E1F7269BF00A3FCAF /* ZWStaticSwitchCell.m */ = {isa = PBXFileReference; fileEncoding = 4; lastKnownFileType = sourcecode.c.objc; path = ZWStaticSwitchCell.m; sourceTree = "<group>"; };
		8571842F1F7269BF00A3FCAF /* ZWStaticSwitchCell.xib */ = {isa = PBXFileReference; fileEncoding = 4; lastKnownFileType = file.xib; path = ZWStaticSwitchCell.xib; sourceTree = "<group>"; };
		857184301F7269BF00A3FCAF /* ZWStaticTextViewCell.h */ = {isa = PBXFileReference; fileEncoding = 4; lastKnownFileType = sourcecode.c.h; path = ZWStaticTextViewCell.h; sourceTree = "<group>"; };
		857184311F7269BF00A3FCAF /* ZWStaticTextViewCell.m */ = {isa = PBXFileReference; fileEncoding = 4; lastKnownFileType = sourcecode.c.objc; path = ZWStaticTextViewCell.m; sourceTree = "<group>"; };
		857184321F7269BF00A3FCAF /* ZWStaticTextViewCell.xib */ = {isa = PBXFileReference; fileEncoding = 4; lastKnownFileType = file.xib; path = ZWStaticTextViewCell.xib; sourceTree = "<group>"; };
		857184341F7269BF00A3FCAF /* ZWStaticInputModel.h */ = {isa = PBXFileReference; fileEncoding = 4; lastKnownFileType = sourcecode.c.h; path = ZWStaticInputModel.h; sourceTree = "<group>"; };
		857184351F7269BF00A3FCAF /* ZWStaticInputModel.m */ = {isa = PBXFileReference; fileEncoding = 4; lastKnownFileType = sourcecode.c.objc; path = ZWStaticInputModel.m; sourceTree = "<group>"; };
		857184361F7269BF00A3FCAF /* ZWStaticOptionModel.h */ = {isa = PBXFileReference; fileEncoding = 4; lastKnownFileType = sourcecode.c.h; path = ZWStaticOptionModel.h; sourceTree = "<group>"; };
		857184371F7269BF00A3FCAF /* ZWStaticOptionModel.m */ = {isa = PBXFileReference; fileEncoding = 4; lastKnownFileType = sourcecode.c.objc; path = ZWStaticOptionModel.m; sourceTree = "<group>"; };
		857184381F7269BF00A3FCAF /* ZWStaticSwitchModel.h */ = {isa = PBXFileReference; fileEncoding = 4; lastKnownFileType = sourcecode.c.h; path = ZWStaticSwitchModel.h; sourceTree = "<group>"; };
		857184391F7269BF00A3FCAF /* ZWStaticSwitchModel.m */ = {isa = PBXFileReference; fileEncoding = 4; lastKnownFileType = sourcecode.c.objc; path = ZWStaticSwitchModel.m; sourceTree = "<group>"; };
		8571843A1F7269BF00A3FCAF /* ZWStaticTextCellModel.h */ = {isa = PBXFileReference; fileEncoding = 4; lastKnownFileType = sourcecode.c.h; path = ZWStaticTextCellModel.h; sourceTree = "<group>"; };
		8571843B1F7269BF00A3FCAF /* ZWStaticTextCellModel.m */ = {isa = PBXFileReference; fileEncoding = 4; lastKnownFileType = sourcecode.c.objc; path = ZWStaticTextCellModel.m; sourceTree = "<group>"; };
		8571843C1F7269BF00A3FCAF /* ZWStaticTextViewModel.h */ = {isa = PBXFileReference; fileEncoding = 4; lastKnownFileType = sourcecode.c.h; path = ZWStaticTextViewModel.h; sourceTree = "<group>"; };
		8571843D1F7269BF00A3FCAF /* ZWStaticTextViewModel.m */ = {isa = PBXFileReference; fileEncoding = 4; lastKnownFileType = sourcecode.c.objc; path = ZWStaticTextViewModel.m; sourceTree = "<group>"; };
		85726B5B1E49723A00A6F78F /* CommonTableCtr.h */ = {isa = PBXFileReference; fileEncoding = 4; lastKnownFileType = sourcecode.c.h; path = CommonTableCtr.h; sourceTree = "<group>"; };
		85726B5C1E49723A00A6F78F /* CommonTableCtr.m */ = {isa = PBXFileReference; fileEncoding = 4; lastKnownFileType = sourcecode.c.objc; path = CommonTableCtr.m; sourceTree = "<group>"; };
		857DDCDD1F46EFA800828758 /* CommonDetailImageCell.h */ = {isa = PBXFileReference; fileEncoding = 4; lastKnownFileType = sourcecode.c.h; path = CommonDetailImageCell.h; sourceTree = "<group>"; };
		857DDCDE1F46EFA800828758 /* CommonDetailImageCell.m */ = {isa = PBXFileReference; fileEncoding = 4; lastKnownFileType = sourcecode.c.objc; path = CommonDetailImageCell.m; sourceTree = "<group>"; };
		857DDCDF1F46EFA800828758 /* CommonDetailImageCell.xib */ = {isa = PBXFileReference; fileEncoding = 4; lastKnownFileType = file.xib; path = CommonDetailImageCell.xib; sourceTree = "<group>"; };
		857DDCE01F46EFA800828758 /* WeChatMineInfoCell.h */ = {isa = PBXFileReference; fileEncoding = 4; lastKnownFileType = sourcecode.c.h; path = WeChatMineInfoCell.h; sourceTree = "<group>"; };
		857DDCE11F46EFA800828758 /* WeChatMineInfoCell.m */ = {isa = PBXFileReference; fileEncoding = 4; lastKnownFileType = sourcecode.c.objc; path = WeChatMineInfoCell.m; sourceTree = "<group>"; };
		857DDCE21F46EFA800828758 /* WeChatMineInfoCell.xib */ = {isa = PBXFileReference; fileEncoding = 4; lastKnownFileType = file.xib; path = WeChatMineInfoCell.xib; sourceTree = "<group>"; };
		857DDCE81F46F59600828758 /* InputSubmitCtr.h */ = {isa = PBXFileReference; fileEncoding = 4; lastKnownFileType = sourcecode.c.h; path = InputSubmitCtr.h; sourceTree = "<group>"; };
		857DDCE91F46F59600828758 /* InputSubmitCtr.m */ = {isa = PBXFileReference; fileEncoding = 4; lastKnownFileType = sourcecode.c.objc; path = InputSubmitCtr.m; sourceTree = "<group>"; };
		85A224FF1E45C49B00E15444 /* WeChatSettingCtr.h */ = {isa = PBXFileReference; fileEncoding = 4; lastKnownFileType = sourcecode.c.h; path = WeChatSettingCtr.h; sourceTree = "<group>"; };
		85A225001E45C49B00E15444 /* WeChatSettingCtr.m */ = {isa = PBXFileReference; fileEncoding = 4; lastKnownFileType = sourcecode.c.objc; path = WeChatSettingCtr.m; sourceTree = "<group>"; };
		85A225011E45C49B00E15444 /* WeChatSettingCtr.xib */ = {isa = PBXFileReference; fileEncoding = 4; lastKnownFileType = file.xib; path = WeChatSettingCtr.xib; sourceTree = "<group>"; };
		85D9FE561E334B4100D1E598 /* ZWCommonTableDemo.app */ = {isa = PBXFileReference; explicitFileType = wrapper.application; includeInIndex = 0; path = ZWCommonTableDemo.app; sourceTree = BUILT_PRODUCTS_DIR; };
		85D9FE5A1E334B4100D1E598 /* main.m */ = {isa = PBXFileReference; lastKnownFileType = sourcecode.c.objc; path = main.m; sourceTree = "<group>"; };
		85D9FE5C1E334B4100D1E598 /* AppDelegate.h */ = {isa = PBXFileReference; lastKnownFileType = sourcecode.c.h; path = AppDelegate.h; sourceTree = "<group>"; };
		85D9FE5D1E334B4100D1E598 /* AppDelegate.m */ = {isa = PBXFileReference; lastKnownFileType = sourcecode.c.objc; path = AppDelegate.m; sourceTree = "<group>"; };
		85D9FE5F1E334B4100D1E598 /* ViewController.h */ = {isa = PBXFileReference; lastKnownFileType = sourcecode.c.h; path = ViewController.h; sourceTree = "<group>"; };
		85D9FE601E334B4100D1E598 /* ViewController.m */ = {isa = PBXFileReference; lastKnownFileType = sourcecode.c.objc; path = ViewController.m; sourceTree = "<group>"; };
		85D9FE631E334B4100D1E598 /* Base */ = {isa = PBXFileReference; lastKnownFileType = file.storyboard; name = Base; path = Base.lproj/Main.storyboard; sourceTree = "<group>"; };
		85D9FE651E334B4100D1E598 /* Assets.xcassets */ = {isa = PBXFileReference; lastKnownFileType = folder.assetcatalog; path = Assets.xcassets; sourceTree = "<group>"; };
		85D9FE681E334B4100D1E598 /* Base */ = {isa = PBXFileReference; lastKnownFileType = file.storyboard; name = Base; path = Base.lproj/LaunchScreen.storyboard; sourceTree = "<group>"; };
		85D9FE6A1E334B4100D1E598 /* Info.plist */ = {isa = PBXFileReference; lastKnownFileType = text.plist.xml; path = Info.plist; sourceTree = "<group>"; };
		85D9FE7C1E335B4B00D1E598 /* WeChatMineCtr.h */ = {isa = PBXFileReference; fileEncoding = 4; lastKnownFileType = sourcecode.c.h; path = WeChatMineCtr.h; sourceTree = "<group>"; };
		85D9FE7D1E335B4B00D1E598 /* WeChatMineCtr.m */ = {isa = PBXFileReference; fileEncoding = 4; lastKnownFileType = sourcecode.c.objc; path = WeChatMineCtr.m; sourceTree = "<group>"; };
/* End PBXFileReference section */

/* Begin PBXFrameworksBuildPhase section */
		85D9FE531E334B4100D1E598 /* Frameworks */ = {
			isa = PBXFrameworksBuildPhase;
			buildActionMask = 2147483647;
			files = (
			);
			runOnlyForDeploymentPostprocessing = 0;
		};
/* End PBXFrameworksBuildPhase section */

/* Begin PBXGroup section */
		857184151F7269BF00A3FCAF /* ZWCommonTable */ = {
			isa = PBXGroup;
			children = (
				857184191F7269BF00A3FCAF /* ZWCommonTable.h */,
				857184161F7269BF00A3FCAF /* Protocol */,
				8571841A1F7269BF00A3FCAF /* ZWCore */,
				857184231F7269BF00A3FCAF /* ZWStaticCell */,
				857184331F7269BF00A3FCAF /* ZWStaticModel */,
			);
			path = ZWCommonTable;
			sourceTree = "<group>";
		};
		857184161F7269BF00A3FCAF /* Protocol */ = {
			isa = PBXGroup;
			children = (
				857184171F7269BF00A3FCAF /* ZWCommonTableCellProtocol.h */,
				857184181F7269BF00A3FCAF /* ZWStaticModelProtocol.h */,
			);
			path = Protocol;
			sourceTree = "<group>";
		};
		8571841A1F7269BF00A3FCAF /* ZWCore */ = {
			isa = PBXGroup;
			children = (
				8571841B1F7269BF00A3FCAF /* ZWCommonConfig.h */,
				8571841C1F7269BF00A3FCAF /* ZWCommonConfig.m */,
				8571841D1F7269BF00A3FCAF /* ZWCommonTableCtr.h */,
				8571841E1F7269BF00A3FCAF /* ZWCommonTableCtr.m */,
				8571841F1F7269BF00A3FCAF /* ZWCommonTableData.h */,
				857184201F7269BF00A3FCAF /* ZWCommonTableData.m */,
				857184211F7269BF00A3FCAF /* ZWCommonTableDelegate.h */,
				857184221F7269BF00A3FCAF /* ZWCommonTableDelegate.m */,
			);
			path = ZWCore;
			sourceTree = "<group>";
		};
		857184231F7269BF00A3FCAF /* ZWStaticCell */ = {
			isa = PBXGroup;
			children = (
				857184241F7269BF00A3FCAF /* ZWStaticButtonCell.h */,
				857184251F7269BF00A3FCAF /* ZWStaticButtonCell.m */,
				857184261F7269BF00A3FCAF /* ZWStaticButtonCell.xib */,
				857184271F7269BF00A3FCAF /* ZWStaticInputCell.h */,
				857184281F7269BF00A3FCAF /* ZWStaticInputCell.m */,
				857184291F7269BF00A3FCAF /* ZWStaticInputCell.xib */,
				8571842A1F7269BF00A3FCAF /* ZWStaticOptionCell.h */,
				8571842B1F7269BF00A3FCAF /* ZWStaticOptionCell.m */,
				8571842C1F7269BF00A3FCAF /* ZWStaticOptionCell.xib */,
				8571842D1F7269BF00A3FCAF /* ZWStaticSwitchCell.h */,
				8571842E1F7269BF00A3FCAF /* ZWStaticSwitchCell.m */,
				8571842F1F7269BF00A3FCAF /* ZWStaticSwitchCell.xib */,
				857184301F7269BF00A3FCAF /* ZWStaticTextViewCell.h */,
				857184311F7269BF00A3FCAF /* ZWStaticTextViewCell.m */,
				857184321F7269BF00A3FCAF /* ZWStaticTextViewCell.xib */,
			);
			path = ZWStaticCell;
			sourceTree = "<group>";
		};
		857184331F7269BF00A3FCAF /* ZWStaticModel */ = {
			isa = PBXGroup;
			children = (
				857184341F7269BF00A3FCAF /* ZWStaticInputModel.h */,
				857184351F7269BF00A3FCAF /* ZWStaticInputModel.m */,
				857184361F7269BF00A3FCAF /* ZWStaticOptionModel.h */,
				857184371F7269BF00A3FCAF /* ZWStaticOptionModel.m */,
				857184381F7269BF00A3FCAF /* ZWStaticSwitchModel.h */,
				857184391F7269BF00A3FCAF /* ZWStaticSwitchModel.m */,
				8571843A1F7269BF00A3FCAF /* ZWStaticTextCellModel.h */,
				8571843B1F7269BF00A3FCAF /* ZWStaticTextCellModel.m */,
				8571843C1F7269BF00A3FCAF /* ZWStaticTextViewModel.h */,
				8571843D1F7269BF00A3FCAF /* ZWStaticTextViewModel.m */,
			);
			path = ZWStaticModel;
			sourceTree = "<group>";
		};
		857DDCDC1F46EFA800828758 /* View */ = {
			isa = PBXGroup;
			children = (
				857DDCDD1F46EFA800828758 /* CommonDetailImageCell.h */,
				857DDCDE1F46EFA800828758 /* CommonDetailImageCell.m */,
				857DDCDF1F46EFA800828758 /* CommonDetailImageCell.xib */,
				857DDCE01F46EFA800828758 /* WeChatMineInfoCell.h */,
				857DDCE11F46EFA800828758 /* WeChatMineInfoCell.m */,
				857DDCE21F46EFA800828758 /* WeChatMineInfoCell.xib */,
			);
			path = View;
			sourceTree = "<group>";
		};
		857DDCE71F46F57E00828758 /* InputSubmit */ = {
			isa = PBXGroup;
			children = (
				857DDCE81F46F59600828758 /* InputSubmitCtr.h */,
				857DDCE91F46F59600828758 /* InputSubmitCtr.m */,
				8524ACB61F47DFC4004B2D17 /* UserInfoModel.h */,
				8524ACB71F47DFC4004B2D17 /* UserInfoModel.m */,
				8524ACB91F47E07C004B2D17 /* InputSubmitViewModel.h */,
				8524ACBA1F47E07C004B2D17 /* InputSubmitViewModel.m */,
			);
			path = InputSubmit;
			sourceTree = "<group>";
		};
		85D9FE4D1E334B4100D1E598 = {
			isa = PBXGroup;
			children = (
				857184151F7269BF00A3FCAF /* ZWCommonTable */,
				85D9FE581E334B4100D1E598 /* ZWCommonTableDemo */,
				85D9FE571E334B4100D1E598 /* Products */,
			);
			sourceTree = "<group>";
		};
		85D9FE571E334B4100D1E598 /* Products */ = {
			isa = PBXGroup;
			children = (
				85D9FE561E334B4100D1E598 /* ZWCommonTableDemo.app */,
			);
			name = Products;
			sourceTree = "<group>";
		};
		85D9FE581E334B4100D1E598 /* ZWCommonTableDemo */ = {
			isa = PBXGroup;
			children = (
				85D9FE781E335B1A00D1E598 /* Examples */,
				85D9FE5C1E334B4100D1E598 /* AppDelegate.h */,
				85D9FE5D1E334B4100D1E598 /* AppDelegate.m */,
				85D9FE5F1E334B4100D1E598 /* ViewController.h */,
				85D9FE601E334B4100D1E598 /* ViewController.m */,
				85D9FE621E334B4100D1E598 /* Main.storyboard */,
				85D9FE651E334B4100D1E598 /* Assets.xcassets */,
				85D9FE671E334B4100D1E598 /* LaunchScreen.storyboard */,
				85D9FE6A1E334B4100D1E598 /* Info.plist */,
				85D9FE591E334B4100D1E598 /* Supporting Files */,
			);
			path = ZWCommonTableDemo;
			sourceTree = "<group>";
		};
		85D9FE591E334B4100D1E598 /* Supporting Files */ = {
			isa = PBXGroup;
			children = (
				85D9FE5A1E334B4100D1E598 /* main.m */,
			);
			name = "Supporting Files";
			sourceTree = "<group>";
		};
		85D9FE781E335B1A00D1E598 /* Examples */ = {
			isa = PBXGroup;
			children = (
				857DDCE71F46F57E00828758 /* InputSubmit */,
				85D9FE7B1E335B1A00D1E598 /* WeChat */,
			);
			path = Examples;
			sourceTree = "<group>";
		};
		85D9FE7B1E335B1A00D1E598 /* WeChat */ = {
			isa = PBXGroup;
			children = (
				857DDCDC1F46EFA800828758 /* View */,
				85D9FE7C1E335B4B00D1E598 /* WeChatMineCtr.h */,
				85D9FE7D1E335B4B00D1E598 /* WeChatMineCtr.m */,
				85A224FF1E45C49B00E15444 /* WeChatSettingCtr.h */,
				85A225001E45C49B00E15444 /* WeChatSettingCtr.m */,
				85A225011E45C49B00E15444 /* WeChatSettingCtr.xib */,
				85726B5B1E49723A00A6F78F /* CommonTableCtr.h */,
				85726B5C1E49723A00A6F78F /* CommonTableCtr.m */,
				854128051E4B2014006B4B78 /* WeChatInfoModel.h */,
				854128061E4B2014006B4B78 /* WeChatInfoModel.m */,
			);
			path = WeChat;
			sourceTree = "<group>";
		};
/* End PBXGroup section */

/* Begin PBXNativeTarget section */
		85D9FE551E334B4100D1E598 /* ZWCommonTableDemo */ = {
			isa = PBXNativeTarget;
			buildConfigurationList = 85D9FE6D1E334B4200D1E598 /* Build configuration list for PBXNativeTarget "ZWCommonTableDemo" */;
			buildPhases = (
				85D9FE521E334B4100D1E598 /* Sources */,
				85D9FE531E334B4100D1E598 /* Frameworks */,
				85D9FE541E334B4100D1E598 /* Resources */,
			);
			buildRules = (
			);
			dependencies = (
			);
			name = ZWCommonTableDemo;
			productName = ZWCommonTableDemo;
			productReference = 85D9FE561E334B4100D1E598 /* ZWCommonTableDemo.app */;
			productType = "com.apple.product-type.application";
		};
/* End PBXNativeTarget section */

/* Begin PBXProject section */
		85D9FE4E1E334B4100D1E598 /* Project object */ = {
			isa = PBXProject;
			attributes = {
				LastUpgradeCheck = 0820;
				ORGANIZATIONNAME = wang_ziwu;
				TargetAttributes = {
					85D9FE551E334B4100D1E598 = {
						CreatedOnToolsVersion = 8.2.1;
						DevelopmentTeam = THAVSUM9TJ;
						ProvisioningStyle = Automatic;
					};
				};
			};
			buildConfigurationList = 85D9FE511E334B4100D1E598 /* Build configuration list for PBXProject "ZWCommonTableDemo" */;
			compatibilityVersion = "Xcode 3.2";
			developmentRegion = English;
			hasScannedForEncodings = 0;
			knownRegions = (
				en,
				Base,
			);
			mainGroup = 85D9FE4D1E334B4100D1E598;
			productRefGroup = 85D9FE571E334B4100D1E598 /* Products */;
			projectDirPath = "";
			projectRoot = "";
			targets = (
				85D9FE551E334B4100D1E598 /* ZWCommonTableDemo */,
			);
		};
/* End PBXProject section */

/* Begin PBXResourcesBuildPhase section */
		85D9FE541E334B4100D1E598 /* Resources */ = {
			isa = PBXResourcesBuildPhase;
			buildActionMask = 2147483647;
			files = (
				857DDCE61F46EFA800828758 /* WeChatMineInfoCell.xib in Resources */,
				857DDCE41F46EFA800828758 /* CommonDetailImageCell.xib in Resources */,
				857184471F7269BF00A3FCAF /* ZWStaticOptionCell.xib in Resources */,
				85D9FE691E334B4100D1E598 /* LaunchScreen.storyboard in Resources */,
				857184491F7269BF00A3FCAF /* ZWStaticSwitchCell.xib in Resources */,
				857184431F7269BF00A3FCAF /* ZWStaticButtonCell.xib in Resources */,
				85D9FE661E334B4100D1E598 /* Assets.xcassets in Resources */,
				85A225031E45C49C00E15444 /* WeChatSettingCtr.xib in Resources */,
				85D9FE641E334B4100D1E598 /* Main.storyboard in Resources */,
				8571844B1F7269C000A3FCAF /* ZWStaticTextViewCell.xib in Resources */,
				857184451F7269BF00A3FCAF /* ZWStaticInputCell.xib in Resources */,
			);
			runOnlyForDeploymentPostprocessing = 0;
		};
/* End PBXResourcesBuildPhase section */

/* Begin PBXSourcesBuildPhase section */
		85D9FE521E334B4100D1E598 /* Sources */ = {
			isa = PBXSourcesBuildPhase;
			buildActionMask = 2147483647;
			files = (
				857DDCE31F46EFA800828758 /* CommonDetailImageCell.m in Sources */,
				857DDCE51F46EFA800828758 /* WeChatMineInfoCell.m in Sources */,
				857184481F7269BF00A3FCAF /* ZWStaticSwitchCell.m in Sources */,
				85A225021E45C49C00E15444 /* WeChatSettingCtr.m in Sources */,
				8571844E1F7269C000A3FCAF /* ZWStaticSwitchModel.m in Sources */,
				8524ACB81F47DFC4004B2D17 /* UserInfoModel.m in Sources */,
				8524ACBB1F47E07C004B2D17 /* InputSubmitViewModel.m in Sources */,
				857184441F7269BF00A3FCAF /* ZWStaticInputCell.m in Sources */,
				8571844A1F7269C000A3FCAF /* ZWStaticTextViewCell.m in Sources */,
				857184401F7269BF00A3FCAF /* ZWCommonTableData.m in Sources */,
				8571844D1F7269C000A3FCAF /* ZWStaticOptionModel.m in Sources */,
				857184461F7269BF00A3FCAF /* ZWStaticOptionCell.m in Sources */,
				857184501F7269C000A3FCAF /* ZWStaticTextViewModel.m in Sources */,
				85D9FE7E1E335B4B00D1E598 /* WeChatMineCtr.m in Sources */,
				8571844C1F7269C000A3FCAF /* ZWStaticInputModel.m in Sources */,
				8571843F1F7269BF00A3FCAF /* ZWCommonTableCtr.m in Sources */,
				85D9FE611E334B4100D1E598 /* ViewController.m in Sources */,
				8571843E1F7269BF00A3FCAF /* ZWCommonConfig.m in Sources */,
				857184421F7269BF00A3FCAF /* ZWStaticButtonCell.m in Sources */,
				8571844F1F7269C000A3FCAF /* ZWStaticTextCellModel.m in Sources */,
				857DDCEB1F46F59600828758 /* InputSubmitCtr.m in Sources */,
				85D9FE5E1E334B4100D1E598 /* AppDelegate.m in Sources */,
				854128071E4B2014006B4B78 /* WeChatInfoModel.m in Sources */,
				85D9FE5B1E334B4100D1E598 /* main.m in Sources */,
				85726B5D1E49723A00A6F78F /* CommonTableCtr.m in Sources */,
				857184411F7269BF00A3FCAF /* ZWCommonTableDelegate.m in Sources */,
			);
			runOnlyForDeploymentPostprocessing = 0;
		};
/* End PBXSourcesBuildPhase section */

/* Begin PBXVariantGroup section */
		85D9FE621E334B4100D1E598 /* Main.storyboard */ = {
			isa = PBXVariantGroup;
			children = (
				85D9FE631E334B4100D1E598 /* Base */,
			);
			name = Main.storyboard;
			sourceTree = "<group>";
		};
		85D9FE671E334B4100D1E598 /* LaunchScreen.storyboard */ = {
			isa = PBXVariantGroup;
			children = (
				85D9FE681E334B4100D1E598 /* Base */,
			);
			name = LaunchScreen.storyboard;
			sourceTree = "<group>";
		};
/* End PBXVariantGroup section */

/* Begin XCBuildConfiguration section */
		85D9FE6B1E334B4100D1E598 /* Debug */ = {
			isa = XCBuildConfiguration;
			buildSettings = {
				ALWAYS_SEARCH_USER_PATHS = NO;
				CLANG_ANALYZER_NONNULL = YES;
				CLANG_CXX_LANGUAGE_STANDARD = "gnu++0x";
				CLANG_CXX_LIBRARY = "libc++";
				CLANG_ENABLE_MODULES = YES;
				CLANG_ENABLE_OBJC_ARC = YES;
				CLANG_WARN_BOOL_CONVERSION = YES;
				CLANG_WARN_CONSTANT_CONVERSION = YES;
				CLANG_WARN_DIRECT_OBJC_ISA_USAGE = YES_ERROR;
				CLANG_WARN_DOCUMENTATION_COMMENTS = YES;
				CLANG_WARN_EMPTY_BODY = YES;
				CLANG_WARN_ENUM_CONVERSION = YES;
				CLANG_WARN_INFINITE_RECURSION = YES;
				CLANG_WARN_INT_CONVERSION = YES;
				CLANG_WARN_OBJC_ROOT_CLASS = YES_ERROR;
				CLANG_WARN_SUSPICIOUS_MOVE = YES;
				CLANG_WARN_UNREACHABLE_CODE = YES;
				CLANG_WARN__DUPLICATE_METHOD_MATCH = YES;
				"CODE_SIGN_IDENTITY[sdk=iphoneos*]" = "iPhone Developer";
				COPY_PHASE_STRIP = NO;
				DEBUG_INFORMATION_FORMAT = dwarf;
				ENABLE_STRICT_OBJC_MSGSEND = YES;
				ENABLE_TESTABILITY = YES;
				GCC_C_LANGUAGE_STANDARD = gnu99;
				GCC_DYNAMIC_NO_PIC = NO;
				GCC_NO_COMMON_BLOCKS = YES;
				GCC_OPTIMIZATION_LEVEL = 0;
				GCC_PREPROCESSOR_DEFINITIONS = (
					"DEBUG=1",
					"$(inherited)",
				);
				GCC_WARN_64_TO_32_BIT_CONVERSION = YES;
				GCC_WARN_ABOUT_RETURN_TYPE = YES_ERROR;
				GCC_WARN_UNDECLARED_SELECTOR = YES;
				GCC_WARN_UNINITIALIZED_AUTOS = YES_AGGRESSIVE;
				GCC_WARN_UNUSED_FUNCTION = YES;
				GCC_WARN_UNUSED_VARIABLE = YES;
				IPHONEOS_DEPLOYMENT_TARGET = 10.2;
				MTL_ENABLE_DEBUG_INFO = YES;
				ONLY_ACTIVE_ARCH = YES;
				SDKROOT = iphoneos;
				TARGETED_DEVICE_FAMILY = "1,2";
			};
			name = Debug;
		};
		85D9FE6C1E334B4100D1E598 /* Release */ = {
			isa = XCBuildConfiguration;
			buildSettings = {
				ALWAYS_SEARCH_USER_PATHS = NO;
				CLANG_ANALYZER_NONNULL = YES;
				CLANG_CXX_LANGUAGE_STANDARD = "gnu++0x";
				CLANG_CXX_LIBRARY = "libc++";
				CLANG_ENABLE_MODULES = YES;
				CLANG_ENABLE_OBJC_ARC = YES;
				CLANG_WARN_BOOL_CONVERSION = YES;
				CLANG_WARN_CONSTANT_CONVERSION = YES;
				CLANG_WARN_DIRECT_OBJC_ISA_USAGE = YES_ERROR;
				CLANG_WARN_DOCUMENTATION_COMMENTS = YES;
				CLANG_WARN_EMPTY_BODY = YES;
				CLANG_WARN_ENUM_CONVERSION = YES;
				CLANG_WARN_INFINITE_RECURSION = YES;
				CLANG_WARN_INT_CONVERSION = YES;
				CLANG_WARN_OBJC_ROOT_CLASS = YES_ERROR;
				CLANG_WARN_SUSPICIOUS_MOVE = YES;
				CLANG_WARN_UNREACHABLE_CODE = YES;
				CLANG_WARN__DUPLICATE_METHOD_MATCH = YES;
				"CODE_SIGN_IDENTITY[sdk=iphoneos*]" = "iPhone Developer";
				COPY_PHASE_STRIP = NO;
				DEBUG_INFORMATION_FORMAT = "dwarf-with-dsym";
				ENABLE_NS_ASSERTIONS = NO;
				ENABLE_STRICT_OBJC_MSGSEND = YES;
				GCC_C_LANGUAGE_STANDARD = gnu99;
				GCC_NO_COMMON_BLOCKS = YES;
				GCC_WARN_64_TO_32_BIT_CONVERSION = YES;
				GCC_WARN_ABOUT_RETURN_TYPE = YES_ERROR;
				GCC_WARN_UNDECLARED_SELECTOR = YES;
				GCC_WARN_UNINITIALIZED_AUTOS = YES_AGGRESSIVE;
				GCC_WARN_UNUSED_FUNCTION = YES;
				GCC_WARN_UNUSED_VARIABLE = YES;
				IPHONEOS_DEPLOYMENT_TARGET = 10.2;
				MTL_ENABLE_DEBUG_INFO = NO;
				SDKROOT = iphoneos;
				TARGETED_DEVICE_FAMILY = "1,2";
				VALIDATE_PRODUCT = YES;
			};
			name = Release;
		};
		85D9FE6E1E334B4200D1E598 /* Debug */ = {
			isa = XCBuildConfiguration;
			buildSettings = {
				ASSETCATALOG_COMPILER_APPICON_NAME = AppIcon;
				DEVELOPMENT_TEAM = THAVSUM9TJ;
				GCC_INPUT_FILETYPE = automatic;
				INFOPLIST_FILE = ZWCommonTableDemo/Info.plist;
				LD_RUNPATH_SEARCH_PATHS = "$(inherited) @executable_path/Frameworks";
				PRODUCT_BUNDLE_IDENTIFIER = "wang-ziwu.ZWCommonTableDemo";
				PRODUCT_NAME = "$(TARGET_NAME)";
			};
			name = Debug;
		};
		85D9FE6F1E334B4200D1E598 /* Release */ = {
			isa = XCBuildConfiguration;
			buildSettings = {
				ASSETCATALOG_COMPILER_APPICON_NAME = AppIcon;
				DEVELOPMENT_TEAM = THAVSUM9TJ;
				GCC_INPUT_FILETYPE = automatic;
				INFOPLIST_FILE = ZWCommonTableDemo/Info.plist;
				LD_RUNPATH_SEARCH_PATHS = "$(inherited) @executable_path/Frameworks";
				PRODUCT_BUNDLE_IDENTIFIER = "wang-ziwu.ZWCommonTableDemo";
				PRODUCT_NAME = "$(TARGET_NAME)";
			};
			name = Release;
		};
/* End XCBuildConfiguration section */

/* Begin XCConfigurationList section */
		85D9FE511E334B4100D1E598 /* Build configuration list for PBXProject "ZWCommonTableDemo" */ = {
			isa = XCConfigurationList;
			buildConfigurations = (
				85D9FE6B1E334B4100D1E598 /* Debug */,
				85D9FE6C1E334B4100D1E598 /* Release */,
			);
			defaultConfigurationIsVisible = 0;
			defaultConfigurationName = Release;
		};
		85D9FE6D1E334B4200D1E598 /* Build configuration list for PBXNativeTarget "ZWCommonTableDemo" */ = {
			isa = XCConfigurationList;
			buildConfigurations = (
				85D9FE6E1E334B4200D1E598 /* Debug */,
				85D9FE6F1E334B4200D1E598 /* Release */,
			);
			defaultConfigurationIsVisible = 0;
			defaultConfigurationName = Release;
		};
/* End XCConfigurationList section */
	};
	rootObject = 85D9FE4E1E334B4100D1E598 /* Project object */;
}
